
Microsoft Visual Studio Solution File, Format Version 12.00
# Visual Studio Version 16
VisualStudioVersion = 16.0.32413.511
MinimumVisualStudioVersion = 10.0.40219.1
Project("{8BC9CEB8-8B4A-11D0-8D11-00A0C91BC942}") = "Fast_sort", "Fast_sort\Fast_sort.vcxproj", "{A3BFABDF-ED5D-4D66-B4C5-1E81AF784A51}"
EndProject
Global
	GlobalSection(SolutionConfigurationPlatforms) = preSolution
		Debug|x64 = Debug|x64
		Debug|x86 = Debug|x86
		Release|x64 = Release|x64
		Release|x86 = Release|x86
	EndGlobalSection
	GlobalSection(ProjectConfigurationPlatforms) = postSolution
		{A3BFABDF-ED5D-4D66-B4C5-1E81AF784A51}.Debug|x64.ActiveCfg = Debug|x64
		{A3BFABDF-ED5D-4D66-B4C5-1E81AF784A51}.Debug|x64.Build.0 = Debug|x64
		{A3BFABDF-ED5D-4D66-B4C5-1E81AF784A51}.Debug|x86.ActiveCfg = Debug|Win32
		{A3BFABDF-ED5D-4D66-B4C5-1E81AF784A51}.Debug|x86.Build.0 = Debug|Win32
		{A3BFABDF-ED5D-4D66-B4C5-1E81AF784A51}.Release|x64.ActiveCfg = Release|x64
		{A3BFABDF-ED5D-4D66-B4C5-1E81AF784A51}.Release|x64.Build.0 = Release|x64
		{A3BFABDF-ED5D-4D66-B4C5-1E81AF784A51}.Release|x86.ActiveCfg = Release|Win32
		{A3BFABDF-ED5D-4D66-B4C5-1E81AF784A51}.Release|x86.Build.0 = Release|Win32
	EndGlobalSection
	GlobalSection(SolutionProperties) = preSolution
		HideSolutionNode = FALSE
	EndGlobalSection
	GlobalSection(ExtensibilityGlobals) = postSolution
		SolutionGuid = {E065F9D6-E630-4DF2-84A3-22DCBB2B0B07}
	EndGlobalSection
EndGlobal
